
Microsoft Visual Studio Solution File, Format Version 12.00
# Visual Studio Version 17
VisualStudioVersion = 17.8.34330.188
MinimumVisualStudioVersion = 10.0.40219.1
Project("{FAE04EC0-301F-11D3-BF4B-00C04F79EFBC}") = "AnalisingImageQaA", "AnalisingImageQaA\AnalisingImageQaA.csproj", "{264D2146-359C-4BAD-A5F4-28DAD48A820C}"
EndProject
Global
	GlobalSection(SolutionConfigurationPlatforms) = preSolution
		Debug|Any CPU = Debug|Any CPU
		Release|Any CPU = Release|Any CPU
	EndGlobalSection
	GlobalSection(ProjectConfigurationPlatforms) = postSolution
		{264D2146-359C-4BAD-A5F4-28DAD48A820C}.Debug|Any CPU.ActiveCfg = Debug|Any CPU
		{264D2146-359C-4BAD-A5F4-28DAD48A820C}.Debug|Any CPU.Build.0 = Debug|Any CPU
		{264D2146-359C-4BAD-A5F4-28DAD48A820C}.Release|Any CPU.ActiveCfg = Release|Any CPU
		{264D2146-359C-4BAD-A5F4-28DAD48A820C}.Release|Any CPU.Build.0 = Release|Any CPU
	EndGlobalSection
	GlobalSection(SolutionProperties) = preSolution
		HideSolutionNode = FALSE
	EndGlobalSection
	GlobalSection(ExtensibilityGlobals) = postSolution
		SolutionGuid = {94D86BC7-8551-4DD2-97DE-A2B79C723467}
	EndGlobalSection
EndGlobal
